// !$*UTF8*$!
{
	archiveVersion = 1;
	classes = {
	};
	objectVersion = 46;
	objects = {

/* Begin PBXBuildFile section */
		77781BEE920B1ED2BF395A2D /* Pods_OhHappyDay.framework in Frameworks */ = {isa = PBXBuildFile; fileRef = BAEB0826E5AA4856A3B5B2DA /* Pods_OhHappyDay.framework */; };
		C6E532731E14214200DCC01E /* AppDelegate.swift in Sources */ = {isa = PBXBuildFile; fileRef = C6E532721E14214200DCC01E /* AppDelegate.swift */; };
		C6E532751E14214200DCC01E /* OHDHomeVC.swift in Sources */ = {isa = PBXBuildFile; fileRef = C6E532741E14214200DCC01E /* OHDHomeVC.swift */; };
		C6E532781E14214200DCC01E /* Main.storyboard in Resources */ = {isa = PBXBuildFile; fileRef = C6E532761E14214200DCC01E /* Main.storyboard */; };
		C6E5327B1E14214200DCC01E /* OhHappyDay.xcdatamodeld in Sources */ = {isa = PBXBuildFile; fileRef = C6E532791E14214200DCC01E /* OhHappyDay.xcdatamodeld */; };
		C6E5327D1E14214200DCC01E /* Assets.xcassets in Resources */ = {isa = PBXBuildFile; fileRef = C6E5327C1E14214200DCC01E /* Assets.xcassets */; };
		C6E532801E14214200DCC01E /* LaunchScreen.storyboard in Resources */ = {isa = PBXBuildFile; fileRef = C6E5327E1E14214200DCC01E /* LaunchScreen.storyboard */; };
		C6E532881E14224800DCC01E /* OHDCurrentWeather.swift in Sources */ = {isa = PBXBuildFile; fileRef = C6E532871E14224800DCC01E /* OHDCurrentWeather.swift */; };
		C6E5328A1E14231800DCC01E /* OHDConstants.swift in Sources */ = {isa = PBXBuildFile; fileRef = C6E532891E14231800DCC01E /* OHDConstants.swift */; };
		C6E5328C1E14235600DCC01E /* OHDParser.swift in Sources */ = {isa = PBXBuildFile; fileRef = C6E5328B1E14235600DCC01E /* OHDParser.swift */; };
		C6E5328E1E14238800DCC01E /* OHDWeatherCell.swift in Sources */ = {isa = PBXBuildFile; fileRef = C6E5328D1E14238800DCC01E /* OHDWeatherCell.swift */; };
		C6E532901E1423AD00DCC01E /* OHDLocationManager.swift in Sources */ = {isa = PBXBuildFile; fileRef = C6E5328F1E1423AD00DCC01E /* OHDLocationManager.swift */; };
/* End PBXBuildFile section */

/* Begin PBXFileReference section */
		588CC81B475DB974A075E3E2 /* Pods-OhHappyDay.debug.xcconfig */ = {isa = PBXFileReference; includeInIndex = 1; lastKnownFileType = text.xcconfig; name = "Pods-OhHappyDay.debug.xcconfig"; path = "Pods/Target Support Files/Pods-OhHappyDay/Pods-OhHappyDay.debug.xcconfig"; sourceTree = "<group>"; };
		65116FF3D6940B8DEE97732F /* Pods-OhHappyDay.release.xcconfig */ = {isa = PBXFileReference; includeInIndex = 1; lastKnownFileType = text.xcconfig; name = "Pods-OhHappyDay.release.xcconfig"; path = "Pods/Target Support Files/Pods-OhHappyDay/Pods-OhHappyDay.release.xcconfig"; sourceTree = "<group>"; };
		BAEB0826E5AA4856A3B5B2DA /* Pods_OhHappyDay.framework */ = {isa = PBXFileReference; explicitFileType = wrapper.framework; includeInIndex = 0; path = Pods_OhHappyDay.framework; sourceTree = BUILT_PRODUCTS_DIR; };
		C6E5326F1E14214200DCC01E /* OhHappyDay.app */ = {isa = PBXFileReference; explicitFileType = wrapper.application; includeInIndex = 0; path = OhHappyDay.app; sourceTree = BUILT_PRODUCTS_DIR; };
		C6E532721E14214200DCC01E /* AppDelegate.swift */ = {isa = PBXFileReference; lastKnownFileType = sourcecode.swift; path = AppDelegate.swift; sourceTree = "<group>"; };
		C6E532741E14214200DCC01E /* OHDHomeVC.swift */ = {isa = PBXFileReference; lastKnownFileType = sourcecode.swift; path = OHDHomeVC.swift; sourceTree = "<group>"; };
		C6E532771E14214200DCC01E /* Base */ = {isa = PBXFileReference; lastKnownFileType = file.storyboard; name = Base; path = Base.lproj/Main.storyboard; sourceTree = "<group>"; };
		C6E5327A1E14214200DCC01E /* OhHappyDay.xcdatamodel */ = {isa = PBXFileReference; lastKnownFileType = wrapper.xcdatamodel; path = OhHappyDay.xcdatamodel; sourceTree = "<group>"; };
		C6E5327C1E14214200DCC01E /* Assets.xcassets */ = {isa = PBXFileReference; lastKnownFileType = folder.assetcatalog; path = Assets.xcassets; sourceTree = "<group>"; };
		C6E5327F1E14214200DCC01E /* Base */ = {isa = PBXFileReference; lastKnownFileType = file.storyboard; name = Base; path = Base.lproj/LaunchScreen.storyboard; sourceTree = "<group>"; };
		C6E532811E14214200DCC01E /* Info.plist */ = {isa = PBXFileReference; lastKnownFileType = text.plist.xml; path = Info.plist; sourceTree = "<group>"; };
		C6E532871E14224800DCC01E /* OHDCurrentWeather.swift */ = {isa = PBXFileReference; fileEncoding = 4; lastKnownFileType = sourcecode.swift; path = OHDCurrentWeather.swift; sourceTree = "<group>"; };
		C6E532891E14231800DCC01E /* OHDConstants.swift */ = {isa = PBXFileReference; fileEncoding = 4; lastKnownFileType = sourcecode.swift; path = OHDConstants.swift; sourceTree = "<group>"; };
		C6E5328B1E14235600DCC01E /* OHDParser.swift */ = {isa = PBXFileReference; fileEncoding = 4; lastKnownFileType = sourcecode.swift; path = OHDParser.swift; sourceTree = "<group>"; };
		C6E5328D1E14238800DCC01E /* OHDWeatherCell.swift */ = {isa = PBXFileReference; fileEncoding = 4; lastKnownFileType = sourcecode.swift; path = OHDWeatherCell.swift; sourceTree = "<group>"; };
		C6E5328F1E1423AD00DCC01E /* OHDLocationManager.swift */ = {isa = PBXFileReference; fileEncoding = 4; lastKnownFileType = sourcecode.swift; path = OHDLocationManager.swift; sourceTree = "<group>"; };
/* End PBXFileReference section */

/* Begin PBXFrameworksBuildPhase section */
		C6E5326C1E14214200DCC01E /* Frameworks */ = {
			isa = PBXFrameworksBuildPhase;
			buildActionMask = 2147483647;
			files = (
				77781BEE920B1ED2BF395A2D /* Pods_OhHappyDay.framework in Frameworks */,
			);
			runOnlyForDeploymentPostprocessing = 0;
		};
/* End PBXFrameworksBuildPhase section */

/* Begin PBXGroup section */
		1490548278AD6A43879336A5 /* Frameworks */ = {
			isa = PBXGroup;
			children = (
				BAEB0826E5AA4856A3B5B2DA /* Pods_OhHappyDay.framework */,
			);
			name = Frameworks;
			sourceTree = "<group>";
		};
		2886DAE40E72D8956CE1CD48 /* Pods */ = {
			isa = PBXGroup;
			children = (
				588CC81B475DB974A075E3E2 /* Pods-OhHappyDay.debug.xcconfig */,
				65116FF3D6940B8DEE97732F /* Pods-OhHappyDay.release.xcconfig */,
			);
			name = Pods;
			sourceTree = "<group>";
		};
		C6E532661E14214200DCC01E = {
			isa = PBXGroup;
			children = (
				C6E532711E14214200DCC01E /* OhHappyDay */,
				C6E532701E14214200DCC01E /* Products */,
				2886DAE40E72D8956CE1CD48 /* Pods */,
				1490548278AD6A43879336A5 /* Frameworks */,
			);
			sourceTree = "<group>";
		};
		C6E532701E14214200DCC01E /* Products */ = {
			isa = PBXGroup;
			children = (
				C6E5326F1E14214200DCC01E /* OhHappyDay.app */,
			);
			name = Products;
			sourceTree = "<group>";
		};
		C6E532711E14214200DCC01E /* OhHappyDay */ = {
			isa = PBXGroup;
			children = (
				C6E532721E14214200DCC01E /* AppDelegate.swift */,
				C6E532741E14214200DCC01E /* OHDHomeVC.swift */,
				C6E532871E14224800DCC01E /* OHDCurrentWeather.swift */,
				C6E532891E14231800DCC01E /* OHDConstants.swift */,
				C6E5328B1E14235600DCC01E /* OHDParser.swift */,
				C6E5328D1E14238800DCC01E /* OHDWeatherCell.swift */,
				C6E5328F1E1423AD00DCC01E /* OHDLocationManager.swift */,
				C6E532761E14214200DCC01E /* Main.storyboard */,
				C6E5327C1E14214200DCC01E /* Assets.xcassets */,
				C6E5327E1E14214200DCC01E /* LaunchScreen.storyboard */,
				C6E532811E14214200DCC01E /* Info.plist */,
				C6E532791E14214200DCC01E /* OhHappyDay.xcdatamodeld */,
			);
			path = OhHappyDay;
			sourceTree = "<group>";
		};
/* End PBXGroup section */

/* Begin PBXNativeTarget section */
		C6E5326E1E14214200DCC01E /* OhHappyDay */ = {
			isa = PBXNativeTarget;
			buildConfigurationList = C6E532841E14214200DCC01E /* Build configuration list for PBXNativeTarget "OhHappyDay" */;
			buildPhases = (
				B273E04FFEE08EEFAE9EAE59 /* [CP] Check Pods Manifest.lock */,
				C6E5326B1E14214200DCC01E /* Sources */,
				C6E5326C1E14214200DCC01E /* Frameworks */,
				C6E5326D1E14214200DCC01E /* Resources */,
				9CE4AA3D6257E468109E0E37 /* [CP] Embed Pods Frameworks */,
				0342965B0AE1980A4F567692 /* [CP] Copy Pods Resources */,
			);
			buildRules = (
			);
			dependencies = (
			);
			name = OhHappyDay;
			productName = OhHappyDay;
			productReference = C6E5326F1E14214200DCC01E /* OhHappyDay.app */;
			productType = "com.apple.product-type.application";
		};
/* End PBXNativeTarget section */

/* Begin PBXProject section */
		C6E532671E14214200DCC01E /* Project object */ = {
			isa = PBXProject;
			attributes = {
				LastSwiftUpdateCheck = 0800;
				LastUpgradeCheck = 0800;
				ORGANIZATIONNAME = "Armin Mehinovic";
				TargetAttributes = {
					C6E5326E1E14214200DCC01E = {
						CreatedOnToolsVersion = 8.0;
						DevelopmentTeam = X3HUK5YLR7;
						ProvisioningStyle = Automatic;
					};
				};
			};
			buildConfigurationList = C6E5326A1E14214200DCC01E /* Build configuration list for PBXProject "OhHappyDay" */;
			compatibilityVersion = "Xcode 3.2";
			developmentRegion = English;
			hasScannedForEncodings = 0;
			knownRegions = (
				en,
				Base,
			);
			mainGroup = C6E532661E14214200DCC01E;
			productRefGroup = C6E532701E14214200DCC01E /* Products */;
			projectDirPath = "";
			projectRoot = "";
			targets = (
				C6E5326E1E14214200DCC01E /* OhHappyDay */,
			);
		};
/* End PBXProject section */

/* Begin PBXResourcesBuildPhase section */
		C6E5326D1E14214200DCC01E /* Resources */ = {
			isa = PBXResourcesBuildPhase;
			buildActionMask = 2147483647;
			files = (
				C6E532801E14214200DCC01E /* LaunchScreen.storyboard in Resources */,
				C6E5327D1E14214200DCC01E /* Assets.xcassets in Resources */,
				C6E532781E14214200DCC01E /* Main.storyboard in Resources */,
			);
			runOnlyForDeploymentPostprocessing = 0;
		};
/* End PBXResourcesBuildPhase section */

/* Begin PBXShellScriptBuildPhase section */
		0342965B0AE1980A4F567692 /* [CP] Copy Pods Resources */ = {
			isa = PBXShellScriptBuildPhase;
			buildActionMask = 2147483647;
			files = (
			);
			inputPaths = (
			);
			name = "[CP] Copy Pods Resources";
			outputPaths = (
			);
			runOnlyForDeploymentPostprocessing = 0;
			shellPath = /bin/sh;
			shellScript = "\"${SRCROOT}/Pods/Target Support Files/Pods-OhHappyDay/Pods-OhHappyDay-resources.sh\"\n";
			showEnvVarsInLog = 0;
		};
		9CE4AA3D6257E468109E0E37 /* [CP] Embed Pods Frameworks */ = {
			isa = PBXShellScriptBuildPhase;
			buildActionMask = 2147483647;
			files = (
			);
			inputPaths = (
			);
			name = "[CP] Embed Pods Frameworks";
			outputPaths = (
			);
			runOnlyForDeploymentPostprocessing = 0;
			shellPath = /bin/sh;
			shellScript = "\"${SRCROOT}/Pods/Target Support Files/Pods-OhHappyDay/Pods-OhHappyDay-frameworks.sh\"\n";
			showEnvVarsInLog = 0;
		};
		B273E04FFEE08EEFAE9EAE59 /* [CP] Check Pods Manifest.lock */ = {
			isa = PBXShellScriptBuildPhase;
			buildActionMask = 2147483647;
			files = (
			);
			inputPaths = (
			);
			name = "[CP] Check Pods Manifest.lock";
			outputPaths = (
			);
			runOnlyForDeploymentPostprocessing = 0;
			shellPath = /bin/sh;
			shellScript = "diff \"${PODS_ROOT}/../Podfile.lock\" \"${PODS_ROOT}/Manifest.lock\" > /dev/null\nif [ $? != 0 ] ; then\n    # print error to STDERR\n    echo \"error: The sandbox is not in sync with the Podfile.lock. Run 'pod install' or update your CocoaPods installation.\" >&2\n    exit 1\nfi\n";
			showEnvVarsInLog = 0;
		};
/* End PBXShellScriptBuildPhase section */

/* Begin PBXSourcesBuildPhase section */
		C6E5326B1E14214200DCC01E /* Sources */ = {
			isa = PBXSourcesBuildPhase;
			buildActionMask = 2147483647;
			files = (
				C6E5328A1E14231800DCC01E /* OHDConstants.swift in Sources */,
				C6E532751E14214200DCC01E /* OHDHomeVC.swift in Sources */,
				C6E532901E1423AD00DCC01E /* OHDLocationManager.swift in Sources */,
				C6E5328C1E14235600DCC01E /* OHDParser.swift in Sources */,
				C6E532881E14224800DCC01E /* OHDCurrentWeather.swift in Sources */,
				C6E5327B1E14214200DCC01E /* OhHappyDay.xcdatamodeld in Sources */,
				C6E5328E1E14238800DCC01E /* OHDWeatherCell.swift in Sources */,
				C6E532731E14214200DCC01E /* AppDelegate.swift in Sources */,
			);
			runOnlyForDeploymentPostprocessing = 0;
		};
/* End PBXSourcesBuildPhase section */

/* Begin PBXVariantGroup section */
		C6E532761E14214200DCC01E /* Main.storyboard */ = {
			isa = PBXVariantGroup;
			children = (
				C6E532771E14214200DCC01E /* Base */,
			);
			name = Main.storyboard;
			sourceTree = "<group>";
		};
		C6E5327E1E14214200DCC01E /* LaunchScreen.storyboard */ = {
			isa = PBXVariantGroup;
			children = (
				C6E5327F1E14214200DCC01E /* Base */,
			);
			name = LaunchScreen.storyboard;
			sourceTree = "<group>";
		};
/* End PBXVariantGroup section */

/* Begin XCBuildConfiguration section */
		C6E532821E14214200DCC01E /* Debug */ = {
			isa = XCBuildConfiguration;
			buildSettings = {
				ALWAYS_SEARCH_USER_PATHS = NO;
				CLANG_ANALYZER_NONNULL = YES;
				CLANG_CXX_LANGUAGE_STANDARD = "gnu++0x";
				CLANG_CXX_LIBRARY = "libc++";
				CLANG_ENABLE_MODULES = YES;
				CLANG_ENABLE_OBJC_ARC = YES;
				CLANG_WARN_BOOL_CONVERSION = YES;
				CLANG_WARN_CONSTANT_CONVERSION = YES;
				CLANG_WARN_DIRECT_OBJC_ISA_USAGE = YES_ERROR;
				CLANG_WARN_DOCUMENTATION_COMMENTS = YES;
				CLANG_WARN_EMPTY_BODY = YES;
				CLANG_WARN_ENUM_CONVERSION = YES;
				CLANG_WARN_INFINITE_RECURSION = YES;
				CLANG_WARN_INT_CONVERSION = YES;
				CLANG_WARN_OBJC_ROOT_CLASS = YES_ERROR;
				CLANG_WARN_SUSPICIOUS_MOVE = YES;
				CLANG_WARN_SUSPICIOUS_MOVES = YES;
				CLANG_WARN_UNREACHABLE_CODE = YES;
				CLANG_WARN__DUPLICATE_METHOD_MATCH = YES;
				"CODE_SIGN_IDENTITY[sdk=iphoneos*]" = "iPhone Developer";
				COPY_PHASE_STRIP = NO;
				DEBUG_INFORMATION_FORMAT = dwarf;
				ENABLE_STRICT_OBJC_MSGSEND = YES;
				ENABLE_TESTABILITY = YES;
				GCC_C_LANGUAGE_STANDARD = gnu99;
				GCC_DYNAMIC_NO_PIC = NO;
				GCC_NO_COMMON_BLOCKS = YES;
				GCC_OPTIMIZATION_LEVEL = 0;
				GCC_PREPROCESSOR_DEFINITIONS = (
					"DEBUG=1",
					"$(inherited)",
				);
				GCC_WARN_64_TO_32_BIT_CONVERSION = YES;
				GCC_WARN_ABOUT_RETURN_TYPE = YES_ERROR;
				GCC_WARN_UNDECLARED_SELECTOR = YES;
				GCC_WARN_UNINITIALIZED_AUTOS = YES_AGGRESSIVE;
				GCC_WARN_UNUSED_FUNCTION = YES;
				GCC_WARN_UNUSED_VARIABLE = YES;
				IPHONEOS_DEPLOYMENT_TARGET = 10.0;
				MTL_ENABLE_DEBUG_INFO = YES;
				ONLY_ACTIVE_ARCH = YES;
				SDKROOT = iphoneos;
				SWIFT_ACTIVE_COMPILATION_CONDITIONS = DEBUG;
				SWIFT_OPTIMIZATION_LEVEL = "-Onone";
			};
			name = Debug;
		};
		C6E532831E14214200DCC01E /* Release */ = {
			isa = XCBuildConfiguration;
			buildSettings = {
				ALWAYS_SEARCH_USER_PATHS = NO;
				CLANG_ANALYZER_NONNULL = YES;
				CLANG_CXX_LANGUAGE_STANDARD = "gnu++0x";
				CLANG_CXX_LIBRARY = "libc++";
				CLANG_ENABLE_MODULES = YES;
				CLANG_ENABLE_OBJC_ARC = YES;
				CLANG_WARN_BOOL_CONVERSION = YES;
				CLANG_WARN_CONSTANT_CONVERSION = YES;
				CLANG_WARN_DIRECT_OBJC_ISA_USAGE = YES_ERROR;
				CLANG_WARN_DOCUMENTATION_COMMENTS = YES;
				CLANG_WARN_EMPTY_BODY = YES;
				CLANG_WARN_ENUM_CONVERSION = YES;
				CLANG_WARN_INFINITE_RECURSION = YES;
				CLANG_WARN_INT_CONVERSION = YES;
				CLANG_WARN_OBJC_ROOT_CLASS = YES_ERROR;
				CLANG_WARN_SUSPICIOUS_MOVE = YES;
				CLANG_WARN_SUSPICIOUS_MOVES = YES;
				CLANG_WARN_UNREACHABLE_CODE = YES;
				CLANG_WARN__DUPLICATE_METHOD_MATCH = YES;
				"CODE_SIGN_IDENTITY[sdk=iphoneos*]" = "iPhone Developer";
				COPY_PHASE_STRIP = NO;
				DEBUG_INFORMATION_FORMAT = "dwarf-with-dsym";
				ENABLE_NS_ASSERTIONS = NO;
				ENABLE_STRICT_OBJC_MSGSEND = YES;
				GCC_C_LANGUAGE_STANDARD = gnu99;
				GCC_NO_COMMON_BLOCKS = YES;
				GCC_WARN_64_TO_32_BIT_CONVERSION = YES;
				GCC_WARN_ABOUT_RETURN_TYPE = YES_ERROR;
				GCC_WARN_UNDECLARED_SELECTOR = YES;
				GCC_WARN_UNINITIALIZED_AUTOS = YES_AGGRESSIVE;
				GCC_WARN_UNUSED_FUNCTION = YES;
				GCC_WARN_UNUSED_VARIABLE = YES;
				IPHONEOS_DEPLOYMENT_TARGET = 10.0;
				MTL_ENABLE_DEBUG_INFO = NO;
				SDKROOT = iphoneos;
				SWIFT_OPTIMIZATION_LEVEL = "-Owholemodule";
				VALIDATE_PRODUCT = YES;
			};
			name = Release;
		};
		C6E532851E14214200DCC01E /* Debug */ = {
			isa = XCBuildConfiguration;
			baseConfigurationReference = 588CC81B475DB974A075E3E2 /* Pods-OhHappyDay.debug.xcconfig */;
			buildSettings = {
				ALWAYS_EMBED_SWIFT_STANDARD_LIBRARIES = YES;
				ASSETCATALOG_COMPILER_APPICON_NAME = AppIcon;
				DEVELOPMENT_TEAM = X3HUK5YLR7;
				INFOPLIST_FILE = OhHappyDay/Info.plist;
				LD_RUNPATH_SEARCH_PATHS = "$(inherited) @executable_path/Frameworks";
				PRODUCT_BUNDLE_IDENTIFIER = com.armin.OhHappyDay;
				PRODUCT_NAME = "$(TARGET_NAME)";
				SWIFT_VERSION = 3.0;
			};
			name = Debug;
		};
		C6E532861E14214200DCC01E /* Release */ = {
			isa = XCBuildConfiguration;
			baseConfigurationReference = 65116FF3D6940B8DEE97732F /* Pods-OhHappyDay.release.xcconfig */;
			buildSettings = {
				ALWAYS_EMBED_SWIFT_STANDARD_LIBRARIES = YES;
				ASSETCATALOG_COMPILER_APPICON_NAME = AppIcon;
				DEVELOPMENT_TEAM = X3HUK5YLR7;
				INFOPLIST_FILE = OhHappyDay/Info.plist;
				LD_RUNPATH_SEARCH_PATHS = "$(inherited) @executable_path/Frameworks";
				PRODUCT_BUNDLE_IDENTIFIER = com.armin.OhHappyDay;
				PRODUCT_NAME = "$(TARGET_NAME)";
				SWIFT_VERSION = 3.0;
			};
			name = Release;
		};
/* End XCBuildConfiguration section */

/* Begin XCConfigurationList section */
		C6E5326A1E14214200DCC01E /* Build configuration list for PBXProject "OhHappyDay" */ = {
			isa = XCConfigurationList;
			buildConfigurations = (
				C6E532821E14214200DCC01E /* Debug */,
				C6E532831E14214200DCC01E /* Release */,
			);
			defaultConfigurationIsVisible = 0;
			defaultConfigurationName = Release;
		};
		C6E532841E14214200DCC01E /* Build configuration list for PBXNativeTarget "OhHappyDay" */ = {
			isa = XCConfigurationList;
			buildConfigurations = (
				C6E532851E14214200DCC01E /* Debug */,
				C6E532861E14214200DCC01E /* Release */,
			);
			defaultConfigurationIsVisible = 0;
			defaultConfigurationName = Release;
		};
/* End XCConfigurationList section */

/* Begin XCVersionGroup section */
		C6E532791E14214200DCC01E /* OhHappyDay.xcdatamodeld */ = {
			isa = XCVersionGroup;
			children = (
				C6E5327A1E14214200DCC01E /* OhHappyDay.xcdatamodel */,
			);
			currentVersion = C6E5327A1E14214200DCC01E /* OhHappyDay.xcdatamodel */;
			path = OhHappyDay.xcdatamodeld;
			sourceTree = "<group>";
			versionGroupType = wrapper.xcdatamodel;
		};
/* End XCVersionGroup section */
	};
	rootObject = C6E532671E14214200DCC01E /* Project object */;
}
